// !$*UTF8*$!
{
	archiveVersion = 1;
	classes = {
	};
	objectVersion = 50;
	objects = {

/* Begin PBXBuildFile section */
		38AE3DA4237E475C00302662 /* AppDelegate.swift in Sources */ = {isa = PBXBuildFile; fileRef = 38AE3DA3237E475C00302662 /* AppDelegate.swift */; };
		38AE3DA6237E475C00302662 /* SceneDelegate.swift in Sources */ = {isa = PBXBuildFile; fileRef = 38AE3DA5237E475C00302662 /* SceneDelegate.swift */; };
		38AE3DA8237E475C00302662 /* FriendsTableViewController.swift in Sources */ = {isa = PBXBuildFile; fileRef = 38AE3DA7237E475C00302662 /* FriendsTableViewController.swift */; };
		38AE3DAB237E475C00302662 /* Main.storyboard in Resources */ = {isa = PBXBuildFile; fileRef = 38AE3DA9237E475C00302662 /* Main.storyboard */; };
		38AE3DAD237E475D00302662 /* Assets.xcassets in Resources */ = {isa = PBXBuildFile; fileRef = 38AE3DAC237E475D00302662 /* Assets.xcassets */; };
		38AE3DB0237E475D00302662 /* LaunchScreen.storyboard in Resources */ = {isa = PBXBuildFile; fileRef = 38AE3DAE237E475D00302662 /* LaunchScreen.storyboard */; };
/* End PBXBuildFile section */

/* Begin PBXFileReference section */
		38AE3DA0237E475C00302662 /* HobbyTracker(iOSPT4).app */ = {isa = PBXFileReference; explicitFileType = wrapper.application; includeInIndex = 0; path = "HobbyTracker(iOSPT4).app"; sourceTree = BUILT_PRODUCTS_DIR; };
		38AE3DA3237E475C00302662 /* AppDelegate.swift */ = {isa = PBXFileReference; lastKnownFileType = sourcecode.swift; path = AppDelegate.swift; sourceTree = "<group>"; };
		38AE3DA5237E475C00302662 /* SceneDelegate.swift */ = {isa = PBXFileReference; lastKnownFileType = sourcecode.swift; path = SceneDelegate.swift; sourceTree = "<group>"; };
		38AE3DA7237E475C00302662 /* FriendsTableViewController.swift */ = {isa = PBXFileReference; lastKnownFileType = sourcecode.swift; path = FriendsTableViewController.swift; sourceTree = "<group>"; };
		38AE3DAA237E475C00302662 /* Base */ = {isa = PBXFileReference; lastKnownFileType = file.storyboard; name = Base; path = Base.lproj/Main.storyboard; sourceTree = "<group>"; };
		38AE3DAC237E475D00302662 /* Assets.xcassets */ = {isa = PBXFileReference; lastKnownFileType = folder.assetcatalog; path = Assets.xcassets; sourceTree = "<group>"; };
		38AE3DAF237E475D00302662 /* Base */ = {isa = PBXFileReference; lastKnownFileType = file.storyboard; name = Base; path = Base.lproj/LaunchScreen.storyboard; sourceTree = "<group>"; };
		38AE3DB1237E475D00302662 /* Info.plist */ = {isa = PBXFileReference; lastKnownFileType = text.plist.xml; path = Info.plist; sourceTree = "<group>"; };
/* End PBXFileReference section */

/* Begin PBXFrameworksBuildPhase section */
		38AE3D9D237E475C00302662 /* Frameworks */ = {
			isa = PBXFrameworksBuildPhase;
			buildActionMask = 2147483647;
			files = (
			);
			runOnlyForDeploymentPostprocessing = 0;
		};
/* End PBXFrameworksBuildPhase section */

/* Begin PBXGroup section */
		38AE3D97237E475C00302662 = {
			isa = PBXGroup;
			children = (
				38AE3DA2237E475C00302662 /* HobbyTracker(iOSPT4) */,
				38AE3DA1237E475C00302662 /* Products */,
			);
			sourceTree = "<group>";
		};
		38AE3DA1237E475C00302662 /* Products */ = {
			isa = PBXGroup;
			children = (
				38AE3DA0237E475C00302662 /* HobbyTracker(iOSPT4).app */,
			);
			name = Products;
			sourceTree = "<group>";
		};
		38AE3DA2237E475C00302662 /* HobbyTracker(iOSPT4) */ = {
			isa = PBXGroup;
			children = (
				38AE3DA3237E475C00302662 /* AppDelegate.swift */,
				38AE3DA5237E475C00302662 /* SceneDelegate.swift */,
				38AE3DA7237E475C00302662 /* FriendsTableViewController.swift */,
				38AE3DA9237E475C00302662 /* Main.storyboard */,
				38AE3DAC237E475D00302662 /* Assets.xcassets */,
				38AE3DAE237E475D00302662 /* LaunchScreen.storyboard */,
				38AE3DB1237E475D00302662 /* Info.plist */,
			);
			path = "HobbyTracker(iOSPT4)";
			sourceTree = "<group>";
		};
/* End PBXGroup section */

/* Begin PBXNativeTarget section */
		38AE3D9F237E475C00302662 /* HobbyTracker(iOSPT4) */ = {
			isa = PBXNativeTarget;
			buildConfigurationList = 38AE3DB4237E475D00302662 /* Build configuration list for PBXNativeTarget "HobbyTracker(iOSPT4)" */;
			buildPhases = (
				38AE3D9C237E475C00302662 /* Sources */,
				38AE3D9D237E475C00302662 /* Frameworks */,
				38AE3D9E237E475C00302662 /* Resources */,
			);
			buildRules = (
			);
			dependencies = (
			);
			name = "HobbyTracker(iOSPT4)";
			productName = "HobbyTracker(iOSPT4)";
			productReference = 38AE3DA0237E475C00302662 /* HobbyTracker(iOSPT4).app */;
			productType = "com.apple.product-type.application";
		};
/* End PBXNativeTarget section */

/* Begin PBXProject section */
		38AE3D98237E475C00302662 /* Project object */ = {
			isa = PBXProject;
			attributes = {
				LastSwiftUpdateCheck = 1120;
				LastUpgradeCheck = 1120;
				ORGANIZATIONNAME = "Lambda, Inc";
				TargetAttributes = {
					38AE3D9F237E475C00302662 = {
						CreatedOnToolsVersion = 11.2.1;
					};
				};
			};
			buildConfigurationList = 38AE3D9B237E475C00302662 /* Build configuration list for PBXProject "HobbyTracker(iOSPT4)" */;
			compatibilityVersion = "Xcode 9.3";
			developmentRegion = en;
			hasScannedForEncodings = 0;
			knownRegions = (
				en,
				Base,
			);
			mainGroup = 38AE3D97237E475C00302662;
			productRefGroup = 38AE3DA1237E475C00302662 /* Products */;
			projectDirPath = "";
			projectRoot = "";
			targets = (
				38AE3D9F237E475C00302662 /* HobbyTracker(iOSPT4) */,
			);
		};
/* End PBXProject section */

/* Begin PBXResourcesBuildPhase section */
		38AE3D9E237E475C00302662 /* Resources */ = {
			isa = PBXResourcesBuildPhase;
			buildActionMask = 2147483647;
			files = (
				38AE3DB0237E475D00302662 /* LaunchScreen.storyboard in Resources */,
				38AE3DAD237E475D00302662 /* Assets.xcassets in Resources */,
				38AE3DAB237E475C00302662 /* Main.storyboard in Resources */,
			);
			runOnlyForDeploymentPostprocessing = 0;
		};
/* End PBXResourcesBuildPhase section */

/* Begin PBXSourcesBuildPhase section */
		38AE3D9C237E475C00302662 /* Sources */ = {
			isa = PBXSourcesBuildPhase;
			buildActionMask = 2147483647;
			files = (
				38AE3DA8237E475C00302662 /* FriendsTableViewController.swift in Sources */,
				38AE3DA4237E475C00302662 /* AppDelegate.swift in Sources */,
				38AE3DA6237E475C00302662 /* SceneDelegate.swift in Sources */,
			);
			runOnlyForDeploymentPostprocessing = 0;
		};
/* End PBXSourcesBuildPhase section */

/* Begin PBXVariantGroup section */
		38AE3DA9237E475C00302662 /* Main.storyboard */ = {
			isa = PBXVariantGroup;
			children = (
				38AE3DAA237E475C00302662 /* Base */,
			);
			name = Main.storyboard;
			sourceTree = "<group>";
		};
		38AE3DAE237E475D00302662 /* LaunchScreen.storyboard */ = {
			isa = PBXVariantGroup;
			children = (
				38AE3DAF237E475D00302662 /* Base */,
			);
			name = LaunchScreen.storyboard;
			sourceTree = "<group>";
		};
/* End PBXVariantGroup section */

/* Begin XCBuildConfiguration section */
		38AE3DB2237E475D00302662 /* Debug */ = {
			isa = XCBuildConfiguration;
			buildSettings = {
				ALWAYS_SEARCH_USER_PATHS = NO;
				CLANG_ANALYZER_NONNULL = YES;
				CLANG_ANALYZER_NUMBER_OBJECT_CONVERSION = YES_AGGRESSIVE;
				CLANG_CXX_LANGUAGE_STANDARD = "gnu++14";
				CLANG_CXX_LIBRARY = "libc++";
				CLANG_ENABLE_MODULES = YES;
				CLANG_ENABLE_OBJC_ARC = YES;
				CLANG_ENABLE_OBJC_WEAK = YES;
				CLANG_WARN_BLOCK_CAPTURE_AUTORELEASING = YES;
				CLANG_WARN_BOOL_CONVERSION = YES;
				CLANG_WARN_COMMA = YES;
				CLANG_WARN_CONSTANT_CONVERSION = YES;
				CLANG_WARN_DEPRECATED_OBJC_IMPLEMENTATIONS = YES;
				CLANG_WARN_DIRECT_OBJC_ISA_USAGE = YES_ERROR;
				CLANG_WARN_DOCUMENTATION_COMMENTS = YES;
				CLANG_WARN_EMPTY_BODY = YES;
				CLANG_WARN_ENUM_CONVERSION = YES;
				CLANG_WARN_INFINITE_RECURSION = YES;
				CLANG_WARN_INT_CONVERSION = YES;
				CLANG_WARN_NON_LITERAL_NULL_CONVERSION = YES;
				CLANG_WARN_OBJC_IMPLICIT_RETAIN_SELF = YES;
				CLANG_WARN_OBJC_LITERAL_CONVERSION = YES;
				CLANG_WARN_OBJC_ROOT_CLASS = YES_ERROR;
				CLANG_WARN_RANGE_LOOP_ANALYSIS = YES;
				CLANG_WARN_STRICT_PROTOTYPES = YES;
				CLANG_WARN_SUSPICIOUS_MOVE = YES;
				CLANG_WARN_UNGUARDED_AVAILABILITY = YES_AGGRESSIVE;
				CLANG_WARN_UNREACHABLE_CODE = YES;
				CLANG_WARN__DUPLICATE_METHOD_MATCH = YES;
				COPY_PHASE_STRIP = NO;
				DEBUG_INFORMATION_FORMAT = dwarf;
				ENABLE_STRICT_OBJC_MSGSEND = YES;
				ENABLE_TESTABILITY = YES;
				GCC_C_LANGUAGE_STANDARD = gnu11;
				GCC_DYNAMIC_NO_PIC = NO;
				GCC_NO_COMMON_BLOCKS = YES;
				GCC_OPTIMIZATION_LEVEL = 0;
				GCC_PREPROCESSOR_DEFINITIONS = (
					"DEBUG=1",
					"$(inherited)",
				);
				GCC_WARN_64_TO_32_BIT_CONVERSION = YES;
				GCC_WARN_ABOUT_RETURN_TYPE = YES_ERROR;
				GCC_WARN_UNDECLARED_SELECTOR = YES;
				GCC_WARN_UNINITIALIZED_AUTOS = YES_AGGRESSIVE;
				GCC_WARN_UNUSED_FUNCTION = YES;
				GCC_WARN_UNUSED_VARIABLE = YES;
				IPHONEOS_DEPLOYMENT_TARGET = 13.2;
				MTL_ENABLE_DEBUG_INFO = INCLUDE_SOURCE;
				MTL_FAST_MATH = YES;
				ONLY_ACTIVE_ARCH = YES;
				SDKROOT = iphoneos;
				SWIFT_ACTIVE_COMPILATION_CONDITIONS = DEBUG;
				SWIFT_OPTIMIZATION_LEVEL = "-Onone";
			};
			name = Debug;
		};
		38AE3DB3237E475D00302662 /* Release */ = {
			isa = XCBuildConfiguration;
			buildSettings = {
				ALWAYS_SEARCH_USER_PATHS = NO;
				CLANG_ANALYZER_NONNULL = YES;
				CLANG_ANALYZER_NUMBER_OBJECT_CONVERSION = YES_AGGRESSIVE;
				CLANG_CXX_LANGUAGE_STANDARD = "gnu++14";
				CLANG_CXX_LIBRARY = "libc++";
				CLANG_ENABLE_MODULES = YES;
				CLANG_ENABLE_OBJC_ARC = YES;
				CLANG_ENABLE_OBJC_WEAK = YES;
				CLANG_WARN_BLOCK_CAPTURE_AUTORELEASING = YES;
				CLANG_WARN_BOOL_CONVERSION = YES;
				CLANG_WARN_COMMA = YES;
				CLANG_WARN_CONSTANT_CONVERSION = YES;
				CLANG_WARN_DEPRECATED_OBJC_IMPLEMENTATIONS = YES;
				CLANG_WARN_DIRECT_OBJC_ISA_USAGE = YES_ERROR;
				CLANG_WARN_DOCUMENTATION_COMMENTS = YES;
				CLANG_WARN_EMPTY_BODY = YES;
				CLANG_WARN_ENUM_CONVERSION = YES;
				CLANG_WARN_INFINITE_RECURSION = YES;
				CLANG_WARN_INT_CONVERSION = YES;
				CLANG_WARN_NON_LITERAL_NULL_CONVERSION = YES;
				CLANG_WARN_OBJC_IMPLICIT_RETAIN_SELF = YES;
				CLANG_WARN_OBJC_LITERAL_CONVERSION = YES;
				CLANG_WARN_OBJC_ROOT_CLASS = YES_ERROR;
				CLANG_WARN_RANGE_LOOP_ANALYSIS = YES;
				CLANG_WARN_STRICT_PROTOTYPES = YES;
				CLANG_WARN_SUSPICIOUS_MOVE = YES;
				CLANG_WARN_UNGUARDED_AVAILABILITY = YES_AGGRESSIVE;
				CLANG_WARN_UNREACHABLE_CODE = YES;
				CLANG_WARN__DUPLICATE_METHOD_MATCH = YES;
				COPY_PHASE_STRIP = NO;
				DEBUG_INFORMATION_FORMAT = "dwarf-with-dsym";
				ENABLE_NS_ASSERTIONS = NO;
				ENABLE_STRICT_OBJC_MSGSEND = YES;
				GCC_C_LANGUAGE_STANDARD = gnu11;
				GCC_NO_COMMON_BLOCKS = YES;
				GCC_WARN_64_TO_32_BIT_CONVERSION = YES;
				GCC_WARN_ABOUT_RETURN_TYPE = YES_ERROR;
				GCC_WARN_UNDECLARED_SELECTOR = YES;
				GCC_WARN_UNINITIALIZED_AUTOS = YES_AGGRESSIVE;
				GCC_WARN_UNUSED_FUNCTION = YES;
				GCC_WARN_UNUSED_VARIABLE = YES;
				IPHONEOS_DEPLOYMENT_TARGET = 13.2;
				MTL_ENABLE_DEBUG_INFO = NO;
				MTL_FAST_MATH = YES;
				SDKROOT = iphoneos;
				SWIFT_COMPILATION_MODE = wholemodule;
				SWIFT_OPTIMIZATION_LEVEL = "-O";
				VALIDATE_PRODUCT = YES;
			};
			name = Release;
		};
		38AE3DB5237E475D00302662 /* Debug */ = {
			isa = XCBuildConfiguration;
			buildSettings = {
				ASSETCATALOG_COMPILER_APPICON_NAME = AppIcon;
				CODE_SIGN_STYLE = Automatic;
				DEVELOPMENT_TEAM = VXUQXR6S56;
				INFOPLIST_FILE = "HobbyTracker(iOSPT4)/Info.plist";
				LD_RUNPATH_SEARCH_PATHS = (
					"$(inherited)",
					"@executable_path/Frameworks",
				);
				PRODUCT_BUNDLE_IDENTIFIER = "com.johnhicks.HobbyTracker-iOSPT4-";
				PRODUCT_NAME = "$(TARGET_NAME)";
				SWIFT_VERSION = 5.0;
				TARGETED_DEVICE_FAMILY = "1,2";
			};
			name = Debug;
		};
		38AE3DB6237E475D00302662 /* Release */ = {
			isa = XCBuildConfiguration;
			buildSettings = {
				ASSETCATALOG_COMPILER_APPICON_NAME = AppIcon;
				CODE_SIGN_STYLE = Automatic;
				DEVELOPMENT_TEAM = VXUQXR6S56;
				INFOPLIST_FILE = "HobbyTracker(iOSPT4)/Info.plist";
				LD_RUNPATH_SEARCH_PATHS = (
					"$(inherited)",
					"@executable_path/Frameworks",
				);
				PRODUCT_BUNDLE_IDENTIFIER = "com.johnhicks.HobbyTracker-iOSPT4-";
				PRODUCT_NAME = "$(TARGET_NAME)";
				SWIFT_VERSION = 5.0;
				TARGETED_DEVICE_FAMILY = "1,2";
			};
			name = Release;
		};
/* End XCBuildConfiguration section */

/* Begin XCConfigurationList section */
		38AE3D9B237E475C00302662 /* Build configuration list for PBXProject "HobbyTracker(iOSPT4)" */ = {
			isa = XCConfigurationList;
			buildConfigurations = (
				38AE3DB2237E475D00302662 /* Debug */,
				38AE3DB3237E475D00302662 /* Release */,
			);
			defaultConfigurationIsVisible = 0;
			defaultConfigurationName = Release;
		};
		38AE3DB4237E475D00302662 /* Build configuration list for PBXNativeTarget "HobbyTracker(iOSPT4)" */ = {
			isa = XCConfigurationList;
			buildConfigurations = (
				38AE3DB5237E475D00302662 /* Debug */,
				38AE3DB6237E475D00302662 /* Release */,
			);
			defaultConfigurationIsVisible = 0;
			defaultConfigurationName = Release;
		};
/* End XCConfigurationList section */
	};
	rootObject = 38AE3D98237E475C00302662 /* Project object */;
}
